
Microsoft Visual Studio Solution File, Format Version 12.00
# Visual Studio Version 17
VisualStudioVersion = 17.10.35027.167
MinimumVisualStudioVersion = 10.0.40219.1
Project("{FAE04EC0-301F-11D3-BF4B-00C04F79EFBC}") = "BtkAkademiAlgoritmaileriSeviye", "BtkAkademiAlgoritmaileriSeviye.csproj", "{A8DCC626-50BA-461F-AD42-0666976F41CF}"
EndProject
Project("{FAE04EC0-301F-11D3-BF4B-00C04F79EFBC}") = "DataStructures", "DataStructures\DataStructures.csproj", "{9BE4E9A3-2DCE-4823-B059-8C3779086682}"
EndProject
Project("{FAE04EC0-301F-11D3-BF4B-00C04F79EFBC}") = "CustomTypes", "CustomTypes\CustomTypes.csproj", "{6F726C6C-5F25-48E1-A58F-D3509C39EA30}"
EndProject
Global
	GlobalSection(SolutionConfigurationPlatforms) = preSolution
		Debug|Any CPU = Debug|Any CPU
		Release|Any CPU = Release|Any CPU
	EndGlobalSection
	GlobalSection(ProjectConfigurationPlatforms) = postSolution
		{A8DCC626-50BA-461F-AD42-0666976F41CF}.Debug|Any CPU.ActiveCfg = Debug|Any CPU
		{A8DCC626-50BA-461F-AD42-0666976F41CF}.Debug|Any CPU.Build.0 = Debug|Any CPU
		{A8DCC626-50BA-461F-AD42-0666976F41CF}.Release|Any CPU.ActiveCfg = Release|Any CPU
		{A8DCC626-50BA-461F-AD42-0666976F41CF}.Release|Any CPU.Build.0 = Release|Any CPU
		{9BE4E9A3-2DCE-4823-B059-8C3779086682}.Debug|Any CPU.ActiveCfg = Debug|Any CPU
		{9BE4E9A3-2DCE-4823-B059-8C3779086682}.Debug|Any CPU.Build.0 = Debug|Any CPU
		{9BE4E9A3-2DCE-4823-B059-8C3779086682}.Release|Any CPU.ActiveCfg = Release|Any CPU
		{9BE4E9A3-2DCE-4823-B059-8C3779086682}.Release|Any CPU.Build.0 = Release|Any CPU
		{6F726C6C-5F25-48E1-A58F-D3509C39EA30}.Debug|Any CPU.ActiveCfg = Debug|Any CPU
		{6F726C6C-5F25-48E1-A58F-D3509C39EA30}.Debug|Any CPU.Build.0 = Debug|Any CPU
		{6F726C6C-5F25-48E1-A58F-D3509C39EA30}.Release|Any CPU.ActiveCfg = Release|Any CPU
		{6F726C6C-5F25-48E1-A58F-D3509C39EA30}.Release|Any CPU.Build.0 = Release|Any CPU
	EndGlobalSection
	GlobalSection(SolutionProperties) = preSolution
		HideSolutionNode = FALSE
	EndGlobalSection
	GlobalSection(ExtensibilityGlobals) = postSolution
		SolutionGuid = {D2CD6A5A-92CA-4A86-92DD-885B872FB42E}
	EndGlobalSection
EndGlobal
